
Microsoft Visual Studio Solution File, Format Version 12.00
# Visual Studio Version 17
VisualStudioVersion = 17.0.31903.59
MinimumVisualStudioVersion = 10.0.40219.1
Project("{2150E333-8FDC-42A3-9474-1A3956D46DE8}") = "src", "src", "{EAC5C519-3C4E-42F7-8B12-E0B007EC31C4}"
EndProject
Project("{F2A71F9B-5D33-465A-A702-920D77279786}") = "Testbed", "src\Testbed\Testbed.fsproj", "{3C44A651-2DA1-4ACC-9E2E-D52B0D75E649}"
EndProject
Project("{F2A71F9B-5D33-465A-A702-920D77279786}") = "Common", "src\Common\Common.fsproj", "{2CD79263-D238-43E7-B805-5AFC479CFD91}"
EndProject
Project("{F2A71F9B-5D33-465A-A702-920D77279786}") = "Day1", "src\Day1\Day1.fsproj", "{99993707-4701-45A8-8465-F9D24878DEB1}"
EndProject
Project("{2150E333-8FDC-42A3-9474-1A3956D46DE8}") = "tests", "tests", "{9A42A0BE-29DF-4F81-A41F-0D09381A5D0A}"
EndProject
Project("{F2A71F9B-5D33-465A-A702-920D77279786}") = "Common.Tests", "tests\Common.Tests\Common.Tests.fsproj", "{A02CF8E2-5539-4B6C-AD94-15328BFFAF5F}"
EndProject
Project("{F2A71F9B-5D33-465A-A702-920D77279786}") = "Day1.Tests", "tests\Day1.Tests\Day1.Tests.fsproj", "{C27D1C75-0C20-436E-B0D8-1834FF6255C2}"
EndProject
Global
	GlobalSection(SolutionConfigurationPlatforms) = preSolution
		Debug|Any CPU = Debug|Any CPU
		Release|Any CPU = Release|Any CPU
	EndGlobalSection
	GlobalSection(SolutionProperties) = preSolution
		HideSolutionNode = FALSE
	EndGlobalSection
	GlobalSection(ProjectConfigurationPlatforms) = postSolution
		{3C44A651-2DA1-4ACC-9E2E-D52B0D75E649}.Debug|Any CPU.ActiveCfg = Debug|Any CPU
		{3C44A651-2DA1-4ACC-9E2E-D52B0D75E649}.Debug|Any CPU.Build.0 = Debug|Any CPU
		{3C44A651-2DA1-4ACC-9E2E-D52B0D75E649}.Release|Any CPU.ActiveCfg = Release|Any CPU
		{3C44A651-2DA1-4ACC-9E2E-D52B0D75E649}.Release|Any CPU.Build.0 = Release|Any CPU
		{2CD79263-D238-43E7-B805-5AFC479CFD91}.Debug|Any CPU.ActiveCfg = Debug|Any CPU
		{2CD79263-D238-43E7-B805-5AFC479CFD91}.Debug|Any CPU.Build.0 = Debug|Any CPU
		{2CD79263-D238-43E7-B805-5AFC479CFD91}.Release|Any CPU.ActiveCfg = Release|Any CPU
		{2CD79263-D238-43E7-B805-5AFC479CFD91}.Release|Any CPU.Build.0 = Release|Any CPU
		{99993707-4701-45A8-8465-F9D24878DEB1}.Debug|Any CPU.ActiveCfg = Debug|Any CPU
		{99993707-4701-45A8-8465-F9D24878DEB1}.Debug|Any CPU.Build.0 = Debug|Any CPU
		{99993707-4701-45A8-8465-F9D24878DEB1}.Release|Any CPU.ActiveCfg = Release|Any CPU
		{99993707-4701-45A8-8465-F9D24878DEB1}.Release|Any CPU.Build.0 = Release|Any CPU
		{A02CF8E2-5539-4B6C-AD94-15328BFFAF5F}.Debug|Any CPU.ActiveCfg = Debug|Any CPU
		{A02CF8E2-5539-4B6C-AD94-15328BFFAF5F}.Debug|Any CPU.Build.0 = Debug|Any CPU
		{A02CF8E2-5539-4B6C-AD94-15328BFFAF5F}.Release|Any CPU.ActiveCfg = Release|Any CPU
		{A02CF8E2-5539-4B6C-AD94-15328BFFAF5F}.Release|Any CPU.Build.0 = Release|Any CPU
		{C27D1C75-0C20-436E-B0D8-1834FF6255C2}.Debug|Any CPU.ActiveCfg = Debug|Any CPU
		{C27D1C75-0C20-436E-B0D8-1834FF6255C2}.Debug|Any CPU.Build.0 = Debug|Any CPU
		{C27D1C75-0C20-436E-B0D8-1834FF6255C2}.Release|Any CPU.ActiveCfg = Release|Any CPU
		{C27D1C75-0C20-436E-B0D8-1834FF6255C2}.Release|Any CPU.Build.0 = Release|Any CPU
	EndGlobalSection
	GlobalSection(NestedProjects) = preSolution
		{3C44A651-2DA1-4ACC-9E2E-D52B0D75E649} = {EAC5C519-3C4E-42F7-8B12-E0B007EC31C4}
		{2CD79263-D238-43E7-B805-5AFC479CFD91} = {EAC5C519-3C4E-42F7-8B12-E0B007EC31C4}
		{99993707-4701-45A8-8465-F9D24878DEB1} = {EAC5C519-3C4E-42F7-8B12-E0B007EC31C4}
		{A02CF8E2-5539-4B6C-AD94-15328BFFAF5F} = {9A42A0BE-29DF-4F81-A41F-0D09381A5D0A}
		{C27D1C75-0C20-436E-B0D8-1834FF6255C2} = {9A42A0BE-29DF-4F81-A41F-0D09381A5D0A}
	EndGlobalSection
EndGlobal
