
Microsoft Visual Studio Solution File, Format Version 12.00
# Visual Studio Version 17
VisualStudioVersion = 17.0.31903.59
MinimumVisualStudioVersion = 10.0.40219.1
Project("{2150E333-8FDC-42A3-9474-1A3956D46DE8}") = "src", "src", "{EAC5C519-3C4E-42F7-8B12-E0B007EC31C4}"
EndProject
Project("{F2A71F9B-5D33-465A-A702-920D77279786}") = "Testbed", "src\Testbed\Testbed.fsproj", "{3C44A651-2DA1-4ACC-9E2E-D52B0D75E649}"
EndProject
Project("{F2A71F9B-5D33-465A-A702-920D77279786}") = "Common", "src\Common\Common.fsproj", "{2CD79263-D238-43E7-B805-5AFC479CFD91}"
EndProject
Project("{F2A71F9B-5D33-465A-A702-920D77279786}") = "Day1", "src\Day1\Day1.fsproj", "{99993707-4701-45A8-8465-F9D24878DEB1}"
EndProject
Project("{2150E333-8FDC-42A3-9474-1A3956D46DE8}") = "tests", "tests", "{9A42A0BE-29DF-4F81-A41F-0D09381A5D0A}"
EndProject
Project("{F2A71F9B-5D33-465A-A702-920D77279786}") = "Common.Tests", "tests\Common.Tests\Common.Tests.fsproj", "{A02CF8E2-5539-4B6C-AD94-15328BFFAF5F}"
EndProject
Project("{F2A71F9B-5D33-465A-A702-920D77279786}") = "Day1.Tests", "tests\Day1.Tests\Day1.Tests.fsproj", "{C27D1C75-0C20-436E-B0D8-1834FF6255C2}"
EndProject
Project("{F2A71F9B-5D33-465A-A702-920D77279786}") = "Day2", "src\Day2\Day2.fsproj", "{E4FD0A2E-A818-47F7-8F47-C11B1D8119B8}"
EndProject
Project("{F2A71F9B-5D33-465A-A702-920D77279786}") = "Day2.Tests", "tests\Day2.Tests\Day2.Tests.fsproj", "{34C763FB-571E-4DE9-98A6-BEFB358BCE77}"
EndProject
Project("{F2A71F9B-5D33-465A-A702-920D77279786}") = "Day3", "src\Day3\Day3.fsproj", "{5AD3B5AA-0419-4274-9052-DA57879342D3}"
EndProject
Project("{F2A71F9B-5D33-465A-A702-920D77279786}") = "Day3.Tests", "tests\Day3.Tests\Day3.Tests.fsproj", "{D12CDC91-9BF8-49F5-AFD7-0DF1D7A6D967}"
EndProject
Project("{F2A71F9B-5D33-465A-A702-920D77279786}") = "Day4", "src\Day4\Day4.fsproj", "{368A0F5C-F480-4270-BB9C-A9978BD85703}"
EndProject
Project("{F2A71F9B-5D33-465A-A702-920D77279786}") = "Day4.Tests", "tests\Day4.Tests\Day4.Tests.fsproj", "{47766C46-2BFA-46A7-9C10-B2960231821E}"
EndProject
Project("{F2A71F9B-5D33-465A-A702-920D77279786}") = "Day5", "src\Day5\Day5.fsproj", "{5049B387-6A5D-4031-8B81-1FFBDAE21837}"
EndProject
Project("{F2A71F9B-5D33-465A-A702-920D77279786}") = "Day5.Tests", "tests\Day5.Tests\Day5.Tests.fsproj", "{99900D04-E550-438D-9AA0-1D75202DEA0D}"
EndProject
Project("{F2A71F9B-5D33-465A-A702-920D77279786}") = "Day6", "src\Day6\Day6.fsproj", "{97E86111-64D9-42A3-BD28-38CA011E839B}"
EndProject
Project("{F2A71F9B-5D33-465A-A702-920D77279786}") = "Day7", "src\Day7\Day7.fsproj", "{762AC13A-A22D-4B90-8E4F-0688C26315F1}"
EndProject
Project("{F2A71F9B-5D33-465A-A702-920D77279786}") = "Day8", "src\Day8\Day8.fsproj", "{4E03A850-C6CD-40C9-98BB-5E84D2D4355F}"
EndProject
Project("{F2A71F9B-5D33-465A-A702-920D77279786}") = "Day9", "src\day9\Day9.fsproj", "{F8CE325D-5FB6-481D-841F-D62288728730}"
EndProject
Project("{F2A71F9B-5D33-465A-A702-920D77279786}") = "Day9.Tests", "tests\Day9.Tests\Day9.Tests.fsproj", "{7B16E105-316D-46FC-9AAA-9D573C22978D}"
EndProject
Project("{F2A71F9B-5D33-465A-A702-920D77279786}") = "Day10", "src\Day10\Day10.fsproj", "{6C598A15-AB63-47B0-BAA8-C92B92E27FDB}"
EndProject
Project("{F2A71F9B-5D33-465A-A702-920D77279786}") = "Day10.Tests", "tests\Day10.Tests\Day10.Tests.fsproj", "{91FA5D9E-6E77-4F3E-8434-BACD6922ED97}"
EndProject
Project("{F2A71F9B-5D33-465A-A702-920D77279786}") = "Day11", "src\Day11\Day11.fsproj", "{282B4B07-84D6-4F56-9E31-6322759EDE68}"
EndProject
Project("{F2A71F9B-5D33-465A-A702-920D77279786}") = "Day11.Tests", "tests\Day11.Tests\Day11.Tests.fsproj", "{9052AD7A-5D48-4082-BE17-809ED486CED0}"
EndProject
Project("{F2A71F9B-5D33-465A-A702-920D77279786}") = "Day12", "src\Day12\Day12.fsproj", "{D5DF15EB-E8C6-482F-A70F-989DEDB51019}"
EndProject
Project("{F2A71F9B-5D33-465A-A702-920D77279786}") = "Day12.Tests", "tests\Day12.Tests\Day12.Tests.fsproj", "{39B7A22E-4D7E-4A45-B324-5954B470A910}"
EndProject
Project("{F2A71F9B-5D33-465A-A702-920D77279786}") = "Day13", "src\Day13\Day13.fsproj", "{35275635-485E-4341-9051-744E7C3B8990}"
EndProject
Project("{F2A71F9B-5D33-465A-A702-920D77279786}") = "Day13.Tests", "tests\Day13.Tests\Day13.Tests.fsproj", "{061D8030-4E51-4AF3-9CA6-299768151C27}"
EndProject
Project("{F2A71F9B-5D33-465A-A702-920D77279786}") = "Day14", "src\Day14\Day14.fsproj", "{0DEC5749-43B5-4ECD-B4F3-F85D3048149C}"
EndProject
Project("{F2A71F9B-5D33-465A-A702-920D77279786}") = "Day14.Tests", "tests\Day14.Tests\Day14.Tests.fsproj", "{ABC068E5-E21C-4606-B059-84B271223698}"
EndProject
Project("{F2A71F9B-5D33-465A-A702-920D77279786}") = "Day15.Tests", "tests\Day15.Tests\Day15.Tests.fsproj", "{EF48F067-CE4C-4F3D-BFED-B26F3219EC77}"
EndProject
Project("{F2A71F9B-5D33-465A-A702-920D77279786}") = "Day15", "src\Day15\Day15.fsproj", "{4512BCE7-012A-4CD8-8040-6E91C6CCCA35}"
EndProject
Project("{F2A71F9B-5D33-465A-A702-920D77279786}") = "Day18", "src\Day18\Day18.fsproj", "{28A5F8B3-6EFE-4564-A75A-5C998C59D077}"
EndProject
Project("{F2A71F9B-5D33-465A-A702-920D77279786}") = "Day18.Tests", "tests\Day18.Tests\Day18.Tests.fsproj", "{7DAF6323-032B-43B3-8643-2548D41D20FD}"
EndProject
Project("{F2A71F9B-5D33-465A-A702-920D77279786}") = "Day20", "src\Day20\Day20.fsproj", "{B324BAB0-3266-4CF9-BBF0-DD481E2B8626}"
EndProject
Project("{F2A71F9B-5D33-465A-A702-920D77279786}") = "Day20.Tests", "tests\Day20.Tests\Day20.Tests.fsproj", "{989BDD36-08F5-42E0-B66B-41650F9EFEC9}"
EndProject
Global
	GlobalSection(SolutionConfigurationPlatforms) = preSolution
		Debug|Any CPU = Debug|Any CPU
		Release|Any CPU = Release|Any CPU
	EndGlobalSection
	GlobalSection(SolutionProperties) = preSolution
		HideSolutionNode = FALSE
	EndGlobalSection
	GlobalSection(ProjectConfigurationPlatforms) = postSolution
		{3C44A651-2DA1-4ACC-9E2E-D52B0D75E649}.Debug|Any CPU.ActiveCfg = Debug|Any CPU
		{3C44A651-2DA1-4ACC-9E2E-D52B0D75E649}.Debug|Any CPU.Build.0 = Debug|Any CPU
		{3C44A651-2DA1-4ACC-9E2E-D52B0D75E649}.Release|Any CPU.ActiveCfg = Release|Any CPU
		{3C44A651-2DA1-4ACC-9E2E-D52B0D75E649}.Release|Any CPU.Build.0 = Release|Any CPU
		{2CD79263-D238-43E7-B805-5AFC479CFD91}.Debug|Any CPU.ActiveCfg = Debug|Any CPU
		{2CD79263-D238-43E7-B805-5AFC479CFD91}.Debug|Any CPU.Build.0 = Debug|Any CPU
		{2CD79263-D238-43E7-B805-5AFC479CFD91}.Release|Any CPU.ActiveCfg = Release|Any CPU
		{2CD79263-D238-43E7-B805-5AFC479CFD91}.Release|Any CPU.Build.0 = Release|Any CPU
		{99993707-4701-45A8-8465-F9D24878DEB1}.Debug|Any CPU.ActiveCfg = Debug|Any CPU
		{99993707-4701-45A8-8465-F9D24878DEB1}.Debug|Any CPU.Build.0 = Debug|Any CPU
		{99993707-4701-45A8-8465-F9D24878DEB1}.Release|Any CPU.ActiveCfg = Release|Any CPU
		{99993707-4701-45A8-8465-F9D24878DEB1}.Release|Any CPU.Build.0 = Release|Any CPU
		{A02CF8E2-5539-4B6C-AD94-15328BFFAF5F}.Debug|Any CPU.ActiveCfg = Debug|Any CPU
		{A02CF8E2-5539-4B6C-AD94-15328BFFAF5F}.Debug|Any CPU.Build.0 = Debug|Any CPU
		{A02CF8E2-5539-4B6C-AD94-15328BFFAF5F}.Release|Any CPU.ActiveCfg = Release|Any CPU
		{A02CF8E2-5539-4B6C-AD94-15328BFFAF5F}.Release|Any CPU.Build.0 = Release|Any CPU
		{C27D1C75-0C20-436E-B0D8-1834FF6255C2}.Debug|Any CPU.ActiveCfg = Debug|Any CPU
		{C27D1C75-0C20-436E-B0D8-1834FF6255C2}.Debug|Any CPU.Build.0 = Debug|Any CPU
		{C27D1C75-0C20-436E-B0D8-1834FF6255C2}.Release|Any CPU.ActiveCfg = Release|Any CPU
		{C27D1C75-0C20-436E-B0D8-1834FF6255C2}.Release|Any CPU.Build.0 = Release|Any CPU
		{E4FD0A2E-A818-47F7-8F47-C11B1D8119B8}.Debug|Any CPU.ActiveCfg = Debug|Any CPU
		{E4FD0A2E-A818-47F7-8F47-C11B1D8119B8}.Debug|Any CPU.Build.0 = Debug|Any CPU
		{E4FD0A2E-A818-47F7-8F47-C11B1D8119B8}.Release|Any CPU.ActiveCfg = Release|Any CPU
		{E4FD0A2E-A818-47F7-8F47-C11B1D8119B8}.Release|Any CPU.Build.0 = Release|Any CPU
		{34C763FB-571E-4DE9-98A6-BEFB358BCE77}.Debug|Any CPU.ActiveCfg = Debug|Any CPU
		{34C763FB-571E-4DE9-98A6-BEFB358BCE77}.Debug|Any CPU.Build.0 = Debug|Any CPU
		{34C763FB-571E-4DE9-98A6-BEFB358BCE77}.Release|Any CPU.ActiveCfg = Release|Any CPU
		{34C763FB-571E-4DE9-98A6-BEFB358BCE77}.Release|Any CPU.Build.0 = Release|Any CPU
		{5AD3B5AA-0419-4274-9052-DA57879342D3}.Debug|Any CPU.ActiveCfg = Debug|Any CPU
		{5AD3B5AA-0419-4274-9052-DA57879342D3}.Debug|Any CPU.Build.0 = Debug|Any CPU
		{5AD3B5AA-0419-4274-9052-DA57879342D3}.Release|Any CPU.ActiveCfg = Release|Any CPU
		{5AD3B5AA-0419-4274-9052-DA57879342D3}.Release|Any CPU.Build.0 = Release|Any CPU
		{D12CDC91-9BF8-49F5-AFD7-0DF1D7A6D967}.Debug|Any CPU.ActiveCfg = Debug|Any CPU
		{D12CDC91-9BF8-49F5-AFD7-0DF1D7A6D967}.Debug|Any CPU.Build.0 = Debug|Any CPU
		{D12CDC91-9BF8-49F5-AFD7-0DF1D7A6D967}.Release|Any CPU.ActiveCfg = Release|Any CPU
		{D12CDC91-9BF8-49F5-AFD7-0DF1D7A6D967}.Release|Any CPU.Build.0 = Release|Any CPU
		{368A0F5C-F480-4270-BB9C-A9978BD85703}.Debug|Any CPU.ActiveCfg = Debug|Any CPU
		{368A0F5C-F480-4270-BB9C-A9978BD85703}.Debug|Any CPU.Build.0 = Debug|Any CPU
		{368A0F5C-F480-4270-BB9C-A9978BD85703}.Release|Any CPU.ActiveCfg = Release|Any CPU
		{368A0F5C-F480-4270-BB9C-A9978BD85703}.Release|Any CPU.Build.0 = Release|Any CPU
		{47766C46-2BFA-46A7-9C10-B2960231821E}.Debug|Any CPU.ActiveCfg = Debug|Any CPU
		{47766C46-2BFA-46A7-9C10-B2960231821E}.Debug|Any CPU.Build.0 = Debug|Any CPU
		{47766C46-2BFA-46A7-9C10-B2960231821E}.Release|Any CPU.ActiveCfg = Release|Any CPU
		{47766C46-2BFA-46A7-9C10-B2960231821E}.Release|Any CPU.Build.0 = Release|Any CPU
		{5049B387-6A5D-4031-8B81-1FFBDAE21837}.Debug|Any CPU.ActiveCfg = Debug|Any CPU
		{5049B387-6A5D-4031-8B81-1FFBDAE21837}.Debug|Any CPU.Build.0 = Debug|Any CPU
		{5049B387-6A5D-4031-8B81-1FFBDAE21837}.Release|Any CPU.ActiveCfg = Release|Any CPU
		{5049B387-6A5D-4031-8B81-1FFBDAE21837}.Release|Any CPU.Build.0 = Release|Any CPU
		{99900D04-E550-438D-9AA0-1D75202DEA0D}.Debug|Any CPU.ActiveCfg = Debug|Any CPU
		{99900D04-E550-438D-9AA0-1D75202DEA0D}.Debug|Any CPU.Build.0 = Debug|Any CPU
		{99900D04-E550-438D-9AA0-1D75202DEA0D}.Release|Any CPU.ActiveCfg = Release|Any CPU
		{99900D04-E550-438D-9AA0-1D75202DEA0D}.Release|Any CPU.Build.0 = Release|Any CPU
		{97E86111-64D9-42A3-BD28-38CA011E839B}.Debug|Any CPU.ActiveCfg = Debug|Any CPU
		{97E86111-64D9-42A3-BD28-38CA011E839B}.Debug|Any CPU.Build.0 = Debug|Any CPU
		{97E86111-64D9-42A3-BD28-38CA011E839B}.Release|Any CPU.ActiveCfg = Release|Any CPU
		{97E86111-64D9-42A3-BD28-38CA011E839B}.Release|Any CPU.Build.0 = Release|Any CPU
		{762AC13A-A22D-4B90-8E4F-0688C26315F1}.Debug|Any CPU.ActiveCfg = Debug|Any CPU
		{762AC13A-A22D-4B90-8E4F-0688C26315F1}.Debug|Any CPU.Build.0 = Debug|Any CPU
		{762AC13A-A22D-4B90-8E4F-0688C26315F1}.Release|Any CPU.ActiveCfg = Release|Any CPU
		{762AC13A-A22D-4B90-8E4F-0688C26315F1}.Release|Any CPU.Build.0 = Release|Any CPU
		{4E03A850-C6CD-40C9-98BB-5E84D2D4355F}.Debug|Any CPU.ActiveCfg = Debug|Any CPU
		{4E03A850-C6CD-40C9-98BB-5E84D2D4355F}.Debug|Any CPU.Build.0 = Debug|Any CPU
		{4E03A850-C6CD-40C9-98BB-5E84D2D4355F}.Release|Any CPU.ActiveCfg = Release|Any CPU
		{4E03A850-C6CD-40C9-98BB-5E84D2D4355F}.Release|Any CPU.Build.0 = Release|Any CPU
		{F8CE325D-5FB6-481D-841F-D62288728730}.Debug|Any CPU.ActiveCfg = Debug|Any CPU
		{F8CE325D-5FB6-481D-841F-D62288728730}.Debug|Any CPU.Build.0 = Debug|Any CPU
		{F8CE325D-5FB6-481D-841F-D62288728730}.Release|Any CPU.ActiveCfg = Release|Any CPU
		{F8CE325D-5FB6-481D-841F-D62288728730}.Release|Any CPU.Build.0 = Release|Any CPU
		{7B16E105-316D-46FC-9AAA-9D573C22978D}.Debug|Any CPU.ActiveCfg = Debug|Any CPU
		{7B16E105-316D-46FC-9AAA-9D573C22978D}.Debug|Any CPU.Build.0 = Debug|Any CPU
		{7B16E105-316D-46FC-9AAA-9D573C22978D}.Release|Any CPU.ActiveCfg = Release|Any CPU
		{7B16E105-316D-46FC-9AAA-9D573C22978D}.Release|Any CPU.Build.0 = Release|Any CPU
		{6C598A15-AB63-47B0-BAA8-C92B92E27FDB}.Debug|Any CPU.ActiveCfg = Debug|Any CPU
		{6C598A15-AB63-47B0-BAA8-C92B92E27FDB}.Debug|Any CPU.Build.0 = Debug|Any CPU
		{6C598A15-AB63-47B0-BAA8-C92B92E27FDB}.Release|Any CPU.ActiveCfg = Release|Any CPU
		{6C598A15-AB63-47B0-BAA8-C92B92E27FDB}.Release|Any CPU.Build.0 = Release|Any CPU
		{91FA5D9E-6E77-4F3E-8434-BACD6922ED97}.Debug|Any CPU.ActiveCfg = Debug|Any CPU
		{91FA5D9E-6E77-4F3E-8434-BACD6922ED97}.Debug|Any CPU.Build.0 = Debug|Any CPU
		{91FA5D9E-6E77-4F3E-8434-BACD6922ED97}.Release|Any CPU.ActiveCfg = Release|Any CPU
		{91FA5D9E-6E77-4F3E-8434-BACD6922ED97}.Release|Any CPU.Build.0 = Release|Any CPU
		{282B4B07-84D6-4F56-9E31-6322759EDE68}.Debug|Any CPU.ActiveCfg = Debug|Any CPU
		{282B4B07-84D6-4F56-9E31-6322759EDE68}.Debug|Any CPU.Build.0 = Debug|Any CPU
		{282B4B07-84D6-4F56-9E31-6322759EDE68}.Release|Any CPU.ActiveCfg = Release|Any CPU
		{282B4B07-84D6-4F56-9E31-6322759EDE68}.Release|Any CPU.Build.0 = Release|Any CPU
		{9052AD7A-5D48-4082-BE17-809ED486CED0}.Debug|Any CPU.ActiveCfg = Debug|Any CPU
		{9052AD7A-5D48-4082-BE17-809ED486CED0}.Debug|Any CPU.Build.0 = Debug|Any CPU
		{9052AD7A-5D48-4082-BE17-809ED486CED0}.Release|Any CPU.ActiveCfg = Release|Any CPU
		{9052AD7A-5D48-4082-BE17-809ED486CED0}.Release|Any CPU.Build.0 = Release|Any CPU
		{D5DF15EB-E8C6-482F-A70F-989DEDB51019}.Debug|Any CPU.ActiveCfg = Debug|Any CPU
		{D5DF15EB-E8C6-482F-A70F-989DEDB51019}.Debug|Any CPU.Build.0 = Debug|Any CPU
		{D5DF15EB-E8C6-482F-A70F-989DEDB51019}.Release|Any CPU.ActiveCfg = Release|Any CPU
		{D5DF15EB-E8C6-482F-A70F-989DEDB51019}.Release|Any CPU.Build.0 = Release|Any CPU
		{39B7A22E-4D7E-4A45-B324-5954B470A910}.Debug|Any CPU.ActiveCfg = Debug|Any CPU
		{39B7A22E-4D7E-4A45-B324-5954B470A910}.Debug|Any CPU.Build.0 = Debug|Any CPU
		{39B7A22E-4D7E-4A45-B324-5954B470A910}.Release|Any CPU.ActiveCfg = Release|Any CPU
		{39B7A22E-4D7E-4A45-B324-5954B470A910}.Release|Any CPU.Build.0 = Release|Any CPU
		{35275635-485E-4341-9051-744E7C3B8990}.Debug|Any CPU.ActiveCfg = Debug|Any CPU
		{35275635-485E-4341-9051-744E7C3B8990}.Debug|Any CPU.Build.0 = Debug|Any CPU
		{35275635-485E-4341-9051-744E7C3B8990}.Release|Any CPU.ActiveCfg = Release|Any CPU
		{35275635-485E-4341-9051-744E7C3B8990}.Release|Any CPU.Build.0 = Release|Any CPU
		{061D8030-4E51-4AF3-9CA6-299768151C27}.Debug|Any CPU.ActiveCfg = Debug|Any CPU
		{061D8030-4E51-4AF3-9CA6-299768151C27}.Debug|Any CPU.Build.0 = Debug|Any CPU
		{061D8030-4E51-4AF3-9CA6-299768151C27}.Release|Any CPU.ActiveCfg = Release|Any CPU
		{061D8030-4E51-4AF3-9CA6-299768151C27}.Release|Any CPU.Build.0 = Release|Any CPU
		{0DEC5749-43B5-4ECD-B4F3-F85D3048149C}.Debug|Any CPU.ActiveCfg = Debug|Any CPU
		{0DEC5749-43B5-4ECD-B4F3-F85D3048149C}.Debug|Any CPU.Build.0 = Debug|Any CPU
		{0DEC5749-43B5-4ECD-B4F3-F85D3048149C}.Release|Any CPU.ActiveCfg = Release|Any CPU
		{0DEC5749-43B5-4ECD-B4F3-F85D3048149C}.Release|Any CPU.Build.0 = Release|Any CPU
		{ABC068E5-E21C-4606-B059-84B271223698}.Debug|Any CPU.ActiveCfg = Debug|Any CPU
		{ABC068E5-E21C-4606-B059-84B271223698}.Debug|Any CPU.Build.0 = Debug|Any CPU
		{ABC068E5-E21C-4606-B059-84B271223698}.Release|Any CPU.ActiveCfg = Release|Any CPU
		{ABC068E5-E21C-4606-B059-84B271223698}.Release|Any CPU.Build.0 = Release|Any CPU
		{EF48F067-CE4C-4F3D-BFED-B26F3219EC77}.Debug|Any CPU.ActiveCfg = Debug|Any CPU
		{EF48F067-CE4C-4F3D-BFED-B26F3219EC77}.Debug|Any CPU.Build.0 = Debug|Any CPU
		{EF48F067-CE4C-4F3D-BFED-B26F3219EC77}.Release|Any CPU.ActiveCfg = Release|Any CPU
		{EF48F067-CE4C-4F3D-BFED-B26F3219EC77}.Release|Any CPU.Build.0 = Release|Any CPU
		{4512BCE7-012A-4CD8-8040-6E91C6CCCA35}.Debug|Any CPU.ActiveCfg = Debug|Any CPU
		{4512BCE7-012A-4CD8-8040-6E91C6CCCA35}.Debug|Any CPU.Build.0 = Debug|Any CPU
		{4512BCE7-012A-4CD8-8040-6E91C6CCCA35}.Release|Any CPU.ActiveCfg = Release|Any CPU
		{4512BCE7-012A-4CD8-8040-6E91C6CCCA35}.Release|Any CPU.Build.0 = Release|Any CPU
		{28A5F8B3-6EFE-4564-A75A-5C998C59D077}.Debug|Any CPU.ActiveCfg = Debug|Any CPU
		{28A5F8B3-6EFE-4564-A75A-5C998C59D077}.Debug|Any CPU.Build.0 = Debug|Any CPU
		{28A5F8B3-6EFE-4564-A75A-5C998C59D077}.Release|Any CPU.ActiveCfg = Release|Any CPU
		{28A5F8B3-6EFE-4564-A75A-5C998C59D077}.Release|Any CPU.Build.0 = Release|Any CPU
		{7DAF6323-032B-43B3-8643-2548D41D20FD}.Debug|Any CPU.ActiveCfg = Debug|Any CPU
		{7DAF6323-032B-43B3-8643-2548D41D20FD}.Debug|Any CPU.Build.0 = Debug|Any CPU
		{7DAF6323-032B-43B3-8643-2548D41D20FD}.Release|Any CPU.ActiveCfg = Release|Any CPU
		{7DAF6323-032B-43B3-8643-2548D41D20FD}.Release|Any CPU.Build.0 = Release|Any CPU
		{B324BAB0-3266-4CF9-BBF0-DD481E2B8626}.Debug|Any CPU.ActiveCfg = Debug|Any CPU
		{B324BAB0-3266-4CF9-BBF0-DD481E2B8626}.Debug|Any CPU.Build.0 = Debug|Any CPU
		{B324BAB0-3266-4CF9-BBF0-DD481E2B8626}.Release|Any CPU.ActiveCfg = Release|Any CPU
		{B324BAB0-3266-4CF9-BBF0-DD481E2B8626}.Release|Any CPU.Build.0 = Release|Any CPU
		{989BDD36-08F5-42E0-B66B-41650F9EFEC9}.Debug|Any CPU.ActiveCfg = Debug|Any CPU
		{989BDD36-08F5-42E0-B66B-41650F9EFEC9}.Debug|Any CPU.Build.0 = Debug|Any CPU
		{989BDD36-08F5-42E0-B66B-41650F9EFEC9}.Release|Any CPU.ActiveCfg = Release|Any CPU
		{989BDD36-08F5-42E0-B66B-41650F9EFEC9}.Release|Any CPU.Build.0 = Release|Any CPU
	EndGlobalSection
	GlobalSection(NestedProjects) = preSolution
		{3C44A651-2DA1-4ACC-9E2E-D52B0D75E649} = {EAC5C519-3C4E-42F7-8B12-E0B007EC31C4}
		{2CD79263-D238-43E7-B805-5AFC479CFD91} = {EAC5C519-3C4E-42F7-8B12-E0B007EC31C4}
		{99993707-4701-45A8-8465-F9D24878DEB1} = {EAC5C519-3C4E-42F7-8B12-E0B007EC31C4}
		{A02CF8E2-5539-4B6C-AD94-15328BFFAF5F} = {9A42A0BE-29DF-4F81-A41F-0D09381A5D0A}
		{C27D1C75-0C20-436E-B0D8-1834FF6255C2} = {9A42A0BE-29DF-4F81-A41F-0D09381A5D0A}
		{E4FD0A2E-A818-47F7-8F47-C11B1D8119B8} = {EAC5C519-3C4E-42F7-8B12-E0B007EC31C4}
		{34C763FB-571E-4DE9-98A6-BEFB358BCE77} = {9A42A0BE-29DF-4F81-A41F-0D09381A5D0A}
		{5AD3B5AA-0419-4274-9052-DA57879342D3} = {EAC5C519-3C4E-42F7-8B12-E0B007EC31C4}
		{D12CDC91-9BF8-49F5-AFD7-0DF1D7A6D967} = {9A42A0BE-29DF-4F81-A41F-0D09381A5D0A}
		{368A0F5C-F480-4270-BB9C-A9978BD85703} = {EAC5C519-3C4E-42F7-8B12-E0B007EC31C4}
		{47766C46-2BFA-46A7-9C10-B2960231821E} = {9A42A0BE-29DF-4F81-A41F-0D09381A5D0A}
		{5049B387-6A5D-4031-8B81-1FFBDAE21837} = {EAC5C519-3C4E-42F7-8B12-E0B007EC31C4}
		{99900D04-E550-438D-9AA0-1D75202DEA0D} = {9A42A0BE-29DF-4F81-A41F-0D09381A5D0A}
		{97E86111-64D9-42A3-BD28-38CA011E839B} = {EAC5C519-3C4E-42F7-8B12-E0B007EC31C4}
		{762AC13A-A22D-4B90-8E4F-0688C26315F1} = {EAC5C519-3C4E-42F7-8B12-E0B007EC31C4}
		{4E03A850-C6CD-40C9-98BB-5E84D2D4355F} = {EAC5C519-3C4E-42F7-8B12-E0B007EC31C4}
		{F8CE325D-5FB6-481D-841F-D62288728730} = {EAC5C519-3C4E-42F7-8B12-E0B007EC31C4}
		{7B16E105-316D-46FC-9AAA-9D573C22978D} = {9A42A0BE-29DF-4F81-A41F-0D09381A5D0A}
		{6C598A15-AB63-47B0-BAA8-C92B92E27FDB} = {EAC5C519-3C4E-42F7-8B12-E0B007EC31C4}
		{91FA5D9E-6E77-4F3E-8434-BACD6922ED97} = {9A42A0BE-29DF-4F81-A41F-0D09381A5D0A}
		{282B4B07-84D6-4F56-9E31-6322759EDE68} = {EAC5C519-3C4E-42F7-8B12-E0B007EC31C4}
		{9052AD7A-5D48-4082-BE17-809ED486CED0} = {9A42A0BE-29DF-4F81-A41F-0D09381A5D0A}
		{D5DF15EB-E8C6-482F-A70F-989DEDB51019} = {EAC5C519-3C4E-42F7-8B12-E0B007EC31C4}
		{39B7A22E-4D7E-4A45-B324-5954B470A910} = {9A42A0BE-29DF-4F81-A41F-0D09381A5D0A}
		{35275635-485E-4341-9051-744E7C3B8990} = {EAC5C519-3C4E-42F7-8B12-E0B007EC31C4}
		{061D8030-4E51-4AF3-9CA6-299768151C27} = {9A42A0BE-29DF-4F81-A41F-0D09381A5D0A}
		{0DEC5749-43B5-4ECD-B4F3-F85D3048149C} = {EAC5C519-3C4E-42F7-8B12-E0B007EC31C4}
		{ABC068E5-E21C-4606-B059-84B271223698} = {9A42A0BE-29DF-4F81-A41F-0D09381A5D0A}
		{EF48F067-CE4C-4F3D-BFED-B26F3219EC77} = {9A42A0BE-29DF-4F81-A41F-0D09381A5D0A}
		{4512BCE7-012A-4CD8-8040-6E91C6CCCA35} = {EAC5C519-3C4E-42F7-8B12-E0B007EC31C4}
		{28A5F8B3-6EFE-4564-A75A-5C998C59D077} = {EAC5C519-3C4E-42F7-8B12-E0B007EC31C4}
		{7DAF6323-032B-43B3-8643-2548D41D20FD} = {9A42A0BE-29DF-4F81-A41F-0D09381A5D0A}
		{B324BAB0-3266-4CF9-BBF0-DD481E2B8626} = {EAC5C519-3C4E-42F7-8B12-E0B007EC31C4}
		{989BDD36-08F5-42E0-B66B-41650F9EFEC9} = {9A42A0BE-29DF-4F81-A41F-0D09381A5D0A}
	EndGlobalSection
EndGlobal
