
Microsoft Visual Studio Solution File, Format Version 12.00
# Visual Studio Version 17
VisualStudioVersion = 17.0.31903.59
MinimumVisualStudioVersion = 10.0.40219.1
Project("{2150E333-8FDC-42A3-9474-1A3956D46DE8}") = "src", "src", "{EAC5C519-3C4E-42F7-8B12-E0B007EC31C4}"
EndProject
Project("{F2A71F9B-5D33-465A-A702-920D77279786}") = "Testbed", "src\Testbed\Testbed.fsproj", "{3C44A651-2DA1-4ACC-9E2E-D52B0D75E649}"
EndProject
Project("{F2A71F9B-5D33-465A-A702-920D77279786}") = "Common", "src\Common\Common.fsproj", "{2CD79263-D238-43E7-B805-5AFC479CFD91}"
EndProject
Project("{F2A71F9B-5D33-465A-A702-920D77279786}") = "Day1", "src\Day1\Day1.fsproj", "{99993707-4701-45A8-8465-F9D24878DEB1}"
EndProject
Project("{2150E333-8FDC-42A3-9474-1A3956D46DE8}") = "tests", "tests", "{9A42A0BE-29DF-4F81-A41F-0D09381A5D0A}"
EndProject
Project("{F2A71F9B-5D33-465A-A702-920D77279786}") = "Common.Tests", "tests\Common.Tests\Common.Tests.fsproj", "{A02CF8E2-5539-4B6C-AD94-15328BFFAF5F}"
EndProject
Project("{F2A71F9B-5D33-465A-A702-920D77279786}") = "Day1.Tests", "tests\Day1.Tests\Day1.Tests.fsproj", "{C27D1C75-0C20-436E-B0D8-1834FF6255C2}"
EndProject
Project("{F2A71F9B-5D33-465A-A702-920D77279786}") = "Day2", "src\Day2\Day2.fsproj", "{E4FD0A2E-A818-47F7-8F47-C11B1D8119B8}"
EndProject
Project("{F2A71F9B-5D33-465A-A702-920D77279786}") = "Day2.Tests", "tests\Day2.Tests\Day2.Tests.fsproj", "{34C763FB-571E-4DE9-98A6-BEFB358BCE77}"
EndProject
Project("{F2A71F9B-5D33-465A-A702-920D77279786}") = "Day3", "src\Day3\Day3.fsproj", "{5AD3B5AA-0419-4274-9052-DA57879342D3}"
EndProject
Project("{F2A71F9B-5D33-465A-A702-920D77279786}") = "Day3.Tests", "tests\Day3.Tests\Day3.Tests.fsproj", "{D12CDC91-9BF8-49F5-AFD7-0DF1D7A6D967}"
EndProject
Project("{F2A71F9B-5D33-465A-A702-920D77279786}") = "Day4", "src\Day4\Day4.fsproj", "{368A0F5C-F480-4270-BB9C-A9978BD85703}"
EndProject
Project("{F2A71F9B-5D33-465A-A702-920D77279786}") = "Day4.Tests", "tests\Day4.Tests\Day4.Tests.fsproj", "{47766C46-2BFA-46A7-9C10-B2960231821E}"
EndProject
Project("{F2A71F9B-5D33-465A-A702-920D77279786}") = "Day5", "src\Day5\Day5.fsproj", "{5049B387-6A5D-4031-8B81-1FFBDAE21837}"
EndProject
Project("{F2A71F9B-5D33-465A-A702-920D77279786}") = "Day5.Tests", "tests\Day5.Tests\Day5.Tests.fsproj", "{99900D04-E550-438D-9AA0-1D75202DEA0D}"
EndProject
Project("{F2A71F9B-5D33-465A-A702-920D77279786}") = "Day6", "src\Day6\Day6.fsproj", "{97E86111-64D9-42A3-BD28-38CA011E839B}"
EndProject
Global
	GlobalSection(SolutionConfigurationPlatforms) = preSolution
		Debug|Any CPU = Debug|Any CPU
		Release|Any CPU = Release|Any CPU
	EndGlobalSection
	GlobalSection(SolutionProperties) = preSolution
		HideSolutionNode = FALSE
	EndGlobalSection
	GlobalSection(ProjectConfigurationPlatforms) = postSolution
		{3C44A651-2DA1-4ACC-9E2E-D52B0D75E649}.Debug|Any CPU.ActiveCfg = Debug|Any CPU
		{3C44A651-2DA1-4ACC-9E2E-D52B0D75E649}.Debug|Any CPU.Build.0 = Debug|Any CPU
		{3C44A651-2DA1-4ACC-9E2E-D52B0D75E649}.Release|Any CPU.ActiveCfg = Release|Any CPU
		{3C44A651-2DA1-4ACC-9E2E-D52B0D75E649}.Release|Any CPU.Build.0 = Release|Any CPU
		{2CD79263-D238-43E7-B805-5AFC479CFD91}.Debug|Any CPU.ActiveCfg = Debug|Any CPU
		{2CD79263-D238-43E7-B805-5AFC479CFD91}.Debug|Any CPU.Build.0 = Debug|Any CPU
		{2CD79263-D238-43E7-B805-5AFC479CFD91}.Release|Any CPU.ActiveCfg = Release|Any CPU
		{2CD79263-D238-43E7-B805-5AFC479CFD91}.Release|Any CPU.Build.0 = Release|Any CPU
		{99993707-4701-45A8-8465-F9D24878DEB1}.Debug|Any CPU.ActiveCfg = Debug|Any CPU
		{99993707-4701-45A8-8465-F9D24878DEB1}.Debug|Any CPU.Build.0 = Debug|Any CPU
		{99993707-4701-45A8-8465-F9D24878DEB1}.Release|Any CPU.ActiveCfg = Release|Any CPU
		{99993707-4701-45A8-8465-F9D24878DEB1}.Release|Any CPU.Build.0 = Release|Any CPU
		{A02CF8E2-5539-4B6C-AD94-15328BFFAF5F}.Debug|Any CPU.ActiveCfg = Debug|Any CPU
		{A02CF8E2-5539-4B6C-AD94-15328BFFAF5F}.Debug|Any CPU.Build.0 = Debug|Any CPU
		{A02CF8E2-5539-4B6C-AD94-15328BFFAF5F}.Release|Any CPU.ActiveCfg = Release|Any CPU
		{A02CF8E2-5539-4B6C-AD94-15328BFFAF5F}.Release|Any CPU.Build.0 = Release|Any CPU
		{C27D1C75-0C20-436E-B0D8-1834FF6255C2}.Debug|Any CPU.ActiveCfg = Debug|Any CPU
		{C27D1C75-0C20-436E-B0D8-1834FF6255C2}.Debug|Any CPU.Build.0 = Debug|Any CPU
		{C27D1C75-0C20-436E-B0D8-1834FF6255C2}.Release|Any CPU.ActiveCfg = Release|Any CPU
		{C27D1C75-0C20-436E-B0D8-1834FF6255C2}.Release|Any CPU.Build.0 = Release|Any CPU
		{E4FD0A2E-A818-47F7-8F47-C11B1D8119B8}.Debug|Any CPU.ActiveCfg = Debug|Any CPU
		{E4FD0A2E-A818-47F7-8F47-C11B1D8119B8}.Debug|Any CPU.Build.0 = Debug|Any CPU
		{E4FD0A2E-A818-47F7-8F47-C11B1D8119B8}.Release|Any CPU.ActiveCfg = Release|Any CPU
		{E4FD0A2E-A818-47F7-8F47-C11B1D8119B8}.Release|Any CPU.Build.0 = Release|Any CPU
		{34C763FB-571E-4DE9-98A6-BEFB358BCE77}.Debug|Any CPU.ActiveCfg = Debug|Any CPU
		{34C763FB-571E-4DE9-98A6-BEFB358BCE77}.Debug|Any CPU.Build.0 = Debug|Any CPU
		{34C763FB-571E-4DE9-98A6-BEFB358BCE77}.Release|Any CPU.ActiveCfg = Release|Any CPU
		{34C763FB-571E-4DE9-98A6-BEFB358BCE77}.Release|Any CPU.Build.0 = Release|Any CPU
		{5AD3B5AA-0419-4274-9052-DA57879342D3}.Debug|Any CPU.ActiveCfg = Debug|Any CPU
		{5AD3B5AA-0419-4274-9052-DA57879342D3}.Debug|Any CPU.Build.0 = Debug|Any CPU
		{5AD3B5AA-0419-4274-9052-DA57879342D3}.Release|Any CPU.ActiveCfg = Release|Any CPU
		{5AD3B5AA-0419-4274-9052-DA57879342D3}.Release|Any CPU.Build.0 = Release|Any CPU
		{D12CDC91-9BF8-49F5-AFD7-0DF1D7A6D967}.Debug|Any CPU.ActiveCfg = Debug|Any CPU
		{D12CDC91-9BF8-49F5-AFD7-0DF1D7A6D967}.Debug|Any CPU.Build.0 = Debug|Any CPU
		{D12CDC91-9BF8-49F5-AFD7-0DF1D7A6D967}.Release|Any CPU.ActiveCfg = Release|Any CPU
		{D12CDC91-9BF8-49F5-AFD7-0DF1D7A6D967}.Release|Any CPU.Build.0 = Release|Any CPU
		{368A0F5C-F480-4270-BB9C-A9978BD85703}.Debug|Any CPU.ActiveCfg = Debug|Any CPU
		{368A0F5C-F480-4270-BB9C-A9978BD85703}.Debug|Any CPU.Build.0 = Debug|Any CPU
		{368A0F5C-F480-4270-BB9C-A9978BD85703}.Release|Any CPU.ActiveCfg = Release|Any CPU
		{368A0F5C-F480-4270-BB9C-A9978BD85703}.Release|Any CPU.Build.0 = Release|Any CPU
		{47766C46-2BFA-46A7-9C10-B2960231821E}.Debug|Any CPU.ActiveCfg = Debug|Any CPU
		{47766C46-2BFA-46A7-9C10-B2960231821E}.Debug|Any CPU.Build.0 = Debug|Any CPU
		{47766C46-2BFA-46A7-9C10-B2960231821E}.Release|Any CPU.ActiveCfg = Release|Any CPU
		{47766C46-2BFA-46A7-9C10-B2960231821E}.Release|Any CPU.Build.0 = Release|Any CPU
		{5049B387-6A5D-4031-8B81-1FFBDAE21837}.Debug|Any CPU.ActiveCfg = Debug|Any CPU
		{5049B387-6A5D-4031-8B81-1FFBDAE21837}.Debug|Any CPU.Build.0 = Debug|Any CPU
		{5049B387-6A5D-4031-8B81-1FFBDAE21837}.Release|Any CPU.ActiveCfg = Release|Any CPU
		{5049B387-6A5D-4031-8B81-1FFBDAE21837}.Release|Any CPU.Build.0 = Release|Any CPU
		{99900D04-E550-438D-9AA0-1D75202DEA0D}.Debug|Any CPU.ActiveCfg = Debug|Any CPU
		{99900D04-E550-438D-9AA0-1D75202DEA0D}.Debug|Any CPU.Build.0 = Debug|Any CPU
		{99900D04-E550-438D-9AA0-1D75202DEA0D}.Release|Any CPU.ActiveCfg = Release|Any CPU
		{99900D04-E550-438D-9AA0-1D75202DEA0D}.Release|Any CPU.Build.0 = Release|Any CPU
		{97E86111-64D9-42A3-BD28-38CA011E839B}.Debug|Any CPU.ActiveCfg = Debug|Any CPU
		{97E86111-64D9-42A3-BD28-38CA011E839B}.Debug|Any CPU.Build.0 = Debug|Any CPU
		{97E86111-64D9-42A3-BD28-38CA011E839B}.Release|Any CPU.ActiveCfg = Release|Any CPU
		{97E86111-64D9-42A3-BD28-38CA011E839B}.Release|Any CPU.Build.0 = Release|Any CPU
	EndGlobalSection
	GlobalSection(NestedProjects) = preSolution
		{3C44A651-2DA1-4ACC-9E2E-D52B0D75E649} = {EAC5C519-3C4E-42F7-8B12-E0B007EC31C4}
		{2CD79263-D238-43E7-B805-5AFC479CFD91} = {EAC5C519-3C4E-42F7-8B12-E0B007EC31C4}
		{99993707-4701-45A8-8465-F9D24878DEB1} = {EAC5C519-3C4E-42F7-8B12-E0B007EC31C4}
		{A02CF8E2-5539-4B6C-AD94-15328BFFAF5F} = {9A42A0BE-29DF-4F81-A41F-0D09381A5D0A}
		{C27D1C75-0C20-436E-B0D8-1834FF6255C2} = {9A42A0BE-29DF-4F81-A41F-0D09381A5D0A}
		{E4FD0A2E-A818-47F7-8F47-C11B1D8119B8} = {EAC5C519-3C4E-42F7-8B12-E0B007EC31C4}
		{34C763FB-571E-4DE9-98A6-BEFB358BCE77} = {9A42A0BE-29DF-4F81-A41F-0D09381A5D0A}
		{5AD3B5AA-0419-4274-9052-DA57879342D3} = {EAC5C519-3C4E-42F7-8B12-E0B007EC31C4}
		{D12CDC91-9BF8-49F5-AFD7-0DF1D7A6D967} = {9A42A0BE-29DF-4F81-A41F-0D09381A5D0A}
		{368A0F5C-F480-4270-BB9C-A9978BD85703} = {EAC5C519-3C4E-42F7-8B12-E0B007EC31C4}
		{47766C46-2BFA-46A7-9C10-B2960231821E} = {9A42A0BE-29DF-4F81-A41F-0D09381A5D0A}
		{5049B387-6A5D-4031-8B81-1FFBDAE21837} = {EAC5C519-3C4E-42F7-8B12-E0B007EC31C4}
		{99900D04-E550-438D-9AA0-1D75202DEA0D} = {9A42A0BE-29DF-4F81-A41F-0D09381A5D0A}
		{97E86111-64D9-42A3-BD28-38CA011E839B} = {EAC5C519-3C4E-42F7-8B12-E0B007EC31C4}
	EndGlobalSection
EndGlobal
